
Microsoft Visual Studio Solution File, Format Version 12.00
# Visual Studio Version 17
VisualStudioVersion = 17.2.32526.322
MinimumVisualStudioVersion = 10.0.40219.1
Project("{FAE04EC0-301F-11D3-BF4B-00C04F79EFBC}") = "WebApplication2", "WebApplication2\WebApplication2.csproj", "{AF018C62-DED1-4A2C-8334-8B1D47E99ADB}"
EndProject
Global
	GlobalSection(SolutionConfigurationPlatforms) = preSolution
		Debug|Any CPU = Debug|Any CPU
		Release|Any CPU = Release|Any CPU
	EndGlobalSection
	GlobalSection(ProjectConfigurationPlatforms) = postSolution
		{AF018C62-DED1-4A2C-8334-8B1D47E99ADB}.Debug|Any CPU.ActiveCfg = Debug|Any CPU
		{AF018C62-DED1-4A2C-8334-8B1D47E99ADB}.Debug|Any CPU.Build.0 = Debug|Any CPU
		{AF018C62-DED1-4A2C-8334-8B1D47E99ADB}.Release|Any CPU.ActiveCfg = Release|Any CPU
		{AF018C62-DED1-4A2C-8334-8B1D47E99ADB}.Release|Any CPU.Build.0 = Release|Any CPU
	EndGlobalSection
	GlobalSection(SolutionProperties) = preSolution
		HideSolutionNode = FALSE
	EndGlobalSection
	GlobalSection(ExtensibilityGlobals) = postSolution
		SolutionGuid = {E9226D99-2309-4534-987B-43E24B439D19}
	EndGlobalSection
EndGlobal
